
Microsoft Visual Studio Solution File, Format Version 12.00
Project("{FAE04EC0-301F-11D3-BF4B-00C04F79EFBC}") = "Swashbuckle.AspNetCore.Callbacks", "Swashbuckle.AspNetCore.Callbacks\Swashbuckle.AspNetCore.Callbacks.csproj", "{DD627D47-C3CC-497C-A705-951310CB3F46}"
EndProject
Global
	GlobalSection(SolutionConfigurationPlatforms) = preSolution
		Debug|Any CPU = Debug|Any CPU
		Release|Any CPU = Release|Any CPU
	EndGlobalSection
	GlobalSection(ProjectConfigurationPlatforms) = postSolution
		{DD627D47-C3CC-497C-A705-951310CB3F46}.Debug|Any CPU.ActiveCfg = Debug|Any CPU
		{DD627D47-C3CC-497C-A705-951310CB3F46}.Debug|Any CPU.Build.0 = Debug|Any CPU
		{DD627D47-C3CC-497C-A705-951310CB3F46}.Release|Any CPU.ActiveCfg = Release|Any CPU
		{DD627D47-C3CC-497C-A705-951310CB3F46}.Release|Any CPU.Build.0 = Release|Any CPU
	EndGlobalSection
EndGlobal
